
Microsoft Visual Studio Solution File, Format Version 12.00
# Visual Studio 15
VisualStudioVersion = 15.0.27130.2020
MinimumVisualStudioVersion = 10.0.40219.1
Project("{54435603-DBB4-11D2-8724-00A0C9A8B90C}") = "Loctite.Studio.Installer", "Loctite.Studio.Installer\Loctite.Studio.Installer.vdproj", "{03B43179-FFE2-4959-A83E-5C508B7E8E61}"
EndProject
Project("{FAE04EC0-301F-11D3-BF4B-00C04F79EFBC}") = "atum3D.Operator.Station", "Atum.Studio\atum3D.Operator.Station.csproj", "{496C9F40-6D0B-405C-A2AC-EF4DBDEBED14}"
EndProject
Project("{FAE04EC0-301F-11D3-BF4B-00C04F79EFBC}") = "Atum.DAL", "Atum.DAL\Atum.DAL.csproj", "{B56397AA-413C-42C3-A8EE-C2751DFF3410}"
EndProject
Project("{54435603-DBB4-11D2-8724-00A0C9A8B90C}") = "Atum.Studio.Installer", "Atum.Studio.Installer\Atum.Studio.Installer.vdproj", "{A2D0BED0-5A36-4519-B0A7-85D7AD256956}"
EndProject
Project("{FAE04EC0-301F-11D3-BF4B-00C04F79EFBC}") = "atum3D.Studio.Installer.Extension", "atum3D.Studio.Installer.Extension\atum3D.Studio.Installer.Extension.csproj", "{C422407C-538B-4983-A75E-DD2C2258D5B3}"
EndProject
Project("{FAE04EC0-301F-11D3-BF4B-00C04F79EFBC}") = "atum3D.Operator Station.CatalogManager", "atum3D.MaterialCatalogManager\atum3D.Operator Station.CatalogManager.csproj", "{3AEB1571-C928-436C-9470-4D1207CAEC75}"
EndProject
Project("{FAE04EC0-301F-11D3-BF4B-00C04F79EFBC}") = "atum3D.LicenseKeyGenerator", "Atum.LicenseKeyGenerator\atum3D.LicenseKeyGenerator.csproj", "{E1F94520-4811-4648-BB6B-60788E355459}"
EndProject
Project("{FAE04EC0-301F-11D3-BF4B-00C04F79EFBC}") = "atum3D.Licenses.Activator", "atum3D.Licenses.Activator\atum3D.Licenses.Activator.csproj", "{CA240EC1-825C-4F8B-8C62-A9752BFD056C}"
EndProject
Project("{FAE04EC0-301F-11D3-BF4B-00C04F79EFBC}") = "Loctite.Licenses.Activator", "Loctite.Licenses.Activator\Loctite.Licenses.Activator.csproj", "{CA240EC1-825C-4F8B-8C62-A9752BFD056F}"
EndProject
Project("{2150E333-8FDC-42A3-9474-1A3956D46DE8}") = "Tools", "Tools", "{B8B8192A-C19F-49D5-8F65-4093F986D84C}"
EndProject
Project("{2150E333-8FDC-42A3-9474-1A3956D46DE8}") = "Testing", "Testing", "{2D4BC948-66D8-4052-B4F6-6F6569AF6701}"
EndProject
Project("{FAE04EC0-301F-11D3-BF4B-00C04F79EFBC}") = "atum3D.ComparePrintJobs", "Tools\Testing\ComparePrintJobs\atum3D.ComparePrintJobs.csproj", "{06FBF0DA-3D8A-4F41-900B-CB4752C4583E}"
EndProject
Project("{2150E333-8FDC-42A3-9474-1A3956D46DE8}") = "SupportOffice", "SupportOffice", "{5D560742-63BA-4BB2-B199-13730CD20C0A}"
EndProject
Project("{2150E333-8FDC-42A3-9474-1A3956D46DE8}") = "Production", "Production", "{84DE3049-431B-4B31-B30D-61A55007AAB8}"
EndProject
Project("{FAE04EC0-301F-11D3-BF4B-00C04F79EFBC}") = "atum3D.RemoteLogging", "atum3D.RemoteLogging\atum3D.RemoteLogging.csproj", "{023154E0-A230-434D-92A4-4A21D8EA2DF0}"
EndProject
Project("{FAE04EC0-301F-11D3-BF4B-00C04F79EFBC}") = "atum3D.CLI", "atum3D.CLI\atum3D.CLI.csproj", "{DAD38660-A683-47E4-9DBE-DBDBB960D086}"
EndProject
Project("{54435603-DBB4-11D2-8724-00A0C9A8B90C}") = "Loctite.OperatorStation.CLI.Installer", "Loctite.OperatorStation.CLI.Installer\Loctite.OperatorStation.CLI.Installer.vdproj", "{883449A9-87F1-43EC-9642-B6D8EF09840A}"
EndProject
Global
	GlobalSection(SolutionConfigurationPlatforms) = preSolution
		Debug|Any CPU = Debug|Any CPU
		Debug|ARM = Debug|ARM
		Debug|Mixed Platforms = Debug|Mixed Platforms
		Debug|x64 = Debug|x64
		Debug|x86 = Debug|x86
		Loctite|Any CPU = Loctite|Any CPU
		Loctite|ARM = Loctite|ARM
		Loctite|Mixed Platforms = Loctite|Mixed Platforms
		Loctite|x64 = Loctite|x64
		Loctite|x86 = Loctite|x86
		Release_Offline|Any CPU = Release_Offline|Any CPU
		Release_Offline|ARM = Release_Offline|ARM
		Release_Offline|Mixed Platforms = Release_Offline|Mixed Platforms
		Release_Offline|x64 = Release_Offline|x64
		Release_Offline|x86 = Release_Offline|x86
		Release|Any CPU = Release|Any CPU
		Release|ARM = Release|ARM
		Release|Mixed Platforms = Release|Mixed Platforms
		Release|x64 = Release|x64
		Release|x86 = Release|x86
	EndGlobalSection
	GlobalSection(ProjectConfigurationPlatforms) = postSolution
		{03B43179-FFE2-4959-A83E-5C508B7E8E61}.Debug|Any CPU.ActiveCfg = Debug
		{03B43179-FFE2-4959-A83E-5C508B7E8E61}.Debug|Any CPU.Build.0 = Debug
		{03B43179-FFE2-4959-A83E-5C508B7E8E61}.Debug|ARM.ActiveCfg = Debug
		{03B43179-FFE2-4959-A83E-5C508B7E8E61}.Debug|ARM.Build.0 = Debug
		{03B43179-FFE2-4959-A83E-5C508B7E8E61}.Debug|Mixed Platforms.ActiveCfg = Debug
		{03B43179-FFE2-4959-A83E-5C508B7E8E61}.Debug|Mixed Platforms.Build.0 = Debug
		{03B43179-FFE2-4959-A83E-5C508B7E8E61}.Debug|x64.ActiveCfg = Debug
		{03B43179-FFE2-4959-A83E-5C508B7E8E61}.Debug|x64.Build.0 = Debug
		{03B43179-FFE2-4959-A83E-5C508B7E8E61}.Debug|x86.ActiveCfg = Debug
		{03B43179-FFE2-4959-A83E-5C508B7E8E61}.Debug|x86.Build.0 = Debug
		{03B43179-FFE2-4959-A83E-5C508B7E8E61}.Loctite|Any CPU.ActiveCfg = Loctite
		{03B43179-FFE2-4959-A83E-5C508B7E8E61}.Loctite|Any CPU.Build.0 = Loctite
		{03B43179-FFE2-4959-A83E-5C508B7E8E61}.Loctite|ARM.ActiveCfg = Loctite
		{03B43179-FFE2-4959-A83E-5C508B7E8E61}.Loctite|ARM.Build.0 = Loctite
		{03B43179-FFE2-4959-A83E-5C508B7E8E61}.Loctite|Mixed Platforms.ActiveCfg = Loctite
		{03B43179-FFE2-4959-A83E-5C508B7E8E61}.Loctite|Mixed Platforms.Build.0 = Loctite
		{03B43179-FFE2-4959-A83E-5C508B7E8E61}.Loctite|x64.ActiveCfg = Loctite
		{03B43179-FFE2-4959-A83E-5C508B7E8E61}.Loctite|x64.Build.0 = Loctite
		{03B43179-FFE2-4959-A83E-5C508B7E8E61}.Loctite|x86.ActiveCfg = Loctite
		{03B43179-FFE2-4959-A83E-5C508B7E8E61}.Loctite|x86.Build.0 = Loctite
		{03B43179-FFE2-4959-A83E-5C508B7E8E61}.Release_Offline|Any CPU.ActiveCfg = Release
		{03B43179-FFE2-4959-A83E-5C508B7E8E61}.Release_Offline|Any CPU.Build.0 = Release
		{03B43179-FFE2-4959-A83E-5C508B7E8E61}.Release_Offline|ARM.ActiveCfg = Release
		{03B43179-FFE2-4959-A83E-5C508B7E8E61}.Release_Offline|ARM.Build.0 = Release
		{03B43179-FFE2-4959-A83E-5C508B7E8E61}.Release_Offline|Mixed Platforms.ActiveCfg = Release
		{03B43179-FFE2-4959-A83E-5C508B7E8E61}.Release_Offline|Mixed Platforms.Build.0 = Release
		{03B43179-FFE2-4959-A83E-5C508B7E8E61}.Release_Offline|x64.ActiveCfg = Release
		{03B43179-FFE2-4959-A83E-5C508B7E8E61}.Release_Offline|x64.Build.0 = Release
		{03B43179-FFE2-4959-A83E-5C508B7E8E61}.Release_Offline|x86.ActiveCfg = Release
		{03B43179-FFE2-4959-A83E-5C508B7E8E61}.Release_Offline|x86.Build.0 = Release
		{03B43179-FFE2-4959-A83E-5C508B7E8E61}.Release|Any CPU.ActiveCfg = Release
		{03B43179-FFE2-4959-A83E-5C508B7E8E61}.Release|Any CPU.Build.0 = Release
		{03B43179-FFE2-4959-A83E-5C508B7E8E61}.Release|ARM.ActiveCfg = Release
		{03B43179-FFE2-4959-A83E-5C508B7E8E61}.Release|ARM.Build.0 = Release
		{03B43179-FFE2-4959-A83E-5C508B7E8E61}.Release|Mixed Platforms.ActiveCfg = Release
		{03B43179-FFE2-4959-A83E-5C508B7E8E61}.Release|Mixed Platforms.Build.0 = Release
		{03B43179-FFE2-4959-A83E-5C508B7E8E61}.Release|x64.ActiveCfg = Release
		{03B43179-FFE2-4959-A83E-5C508B7E8E61}.Release|x64.Build.0 = Release
		{03B43179-FFE2-4959-A83E-5C508B7E8E61}.Release|x86.ActiveCfg = Release
		{03B43179-FFE2-4959-A83E-5C508B7E8E61}.Release|x86.Build.0 = Release
		{496C9F40-6D0B-405C-A2AC-EF4DBDEBED14}.Debug|Any CPU.ActiveCfg = Debug|x86
		{496C9F40-6D0B-405C-A2AC-EF4DBDEBED14}.Debug|Any CPU.Build.0 = Debug|x86
		{496C9F40-6D0B-405C-A2AC-EF4DBDEBED14}.Debug|ARM.ActiveCfg = Debug|x86
		{496C9F40-6D0B-405C-A2AC-EF4DBDEBED14}.Debug|Mixed Platforms.ActiveCfg = Debug|x86
		{496C9F40-6D0B-405C-A2AC-EF4DBDEBED14}.Debug|Mixed Platforms.Build.0 = Debug|x86
		{496C9F40-6D0B-405C-A2AC-EF4DBDEBED14}.Debug|x64.ActiveCfg = Debug|x86
		{496C9F40-6D0B-405C-A2AC-EF4DBDEBED14}.Debug|x86.ActiveCfg = Debug|x86
		{496C9F40-6D0B-405C-A2AC-EF4DBDEBED14}.Debug|x86.Build.0 = Debug|x86
		{496C9F40-6D0B-405C-A2AC-EF4DBDEBED14}.Loctite|Any CPU.ActiveCfg = Loctite|x86
		{496C9F40-6D0B-405C-A2AC-EF4DBDEBED14}.Loctite|Any CPU.Build.0 = Loctite|x86
		{496C9F40-6D0B-405C-A2AC-EF4DBDEBED14}.Loctite|ARM.ActiveCfg = Loctite|x86
		{496C9F40-6D0B-405C-A2AC-EF4DBDEBED14}.Loctite|Mixed Platforms.ActiveCfg = Loctite|x86
		{496C9F40-6D0B-405C-A2AC-EF4DBDEBED14}.Loctite|Mixed Platforms.Build.0 = Loctite|x86
		{496C9F40-6D0B-405C-A2AC-EF4DBDEBED14}.Loctite|x64.ActiveCfg = Loctite|x86
		{496C9F40-6D0B-405C-A2AC-EF4DBDEBED14}.Loctite|x86.ActiveCfg = Loctite|x86
		{496C9F40-6D0B-405C-A2AC-EF4DBDEBED14}.Loctite|x86.Build.0 = Loctite|x86
		{496C9F40-6D0B-405C-A2AC-EF4DBDEBED14}.Release_Offline|Any CPU.ActiveCfg = Loctite|x86
		{496C9F40-6D0B-405C-A2AC-EF4DBDEBED14}.Release_Offline|Any CPU.Build.0 = Loctite|x86
		{496C9F40-6D0B-405C-A2AC-EF4DBDEBED14}.Release_Offline|ARM.ActiveCfg = Loctite|x86
		{496C9F40-6D0B-405C-A2AC-EF4DBDEBED14}.Release_Offline|ARM.Build.0 = Loctite|x86
		{496C9F40-6D0B-405C-A2AC-EF4DBDEBED14}.Release_Offline|Mixed Platforms.ActiveCfg = Release|x86
		{496C9F40-6D0B-405C-A2AC-EF4DBDEBED14}.Release_Offline|Mixed Platforms.Build.0 = Release|x86
		{496C9F40-6D0B-405C-A2AC-EF4DBDEBED14}.Release_Offline|x64.ActiveCfg = Loctite|x86
		{496C9F40-6D0B-405C-A2AC-EF4DBDEBED14}.Release_Offline|x64.Build.0 = Loctite|x86
		{496C9F40-6D0B-405C-A2AC-EF4DBDEBED14}.Release_Offline|x86.ActiveCfg = Release|x86
		{496C9F40-6D0B-405C-A2AC-EF4DBDEBED14}.Release_Offline|x86.Build.0 = Release|x86
		{496C9F40-6D0B-405C-A2AC-EF4DBDEBED14}.Release|Any CPU.ActiveCfg = Release|x86
		{496C9F40-6D0B-405C-A2AC-EF4DBDEBED14}.Release|Any CPU.Build.0 = Release|x86
		{496C9F40-6D0B-405C-A2AC-EF4DBDEBED14}.Release|ARM.ActiveCfg = Release|x86
		{496C9F40-6D0B-405C-A2AC-EF4DBDEBED14}.Release|Mixed Platforms.ActiveCfg = Release|x86
		{496C9F40-6D0B-405C-A2AC-EF4DBDEBED14}.Release|Mixed Platforms.Build.0 = Release|x86
		{496C9F40-6D0B-405C-A2AC-EF4DBDEBED14}.Release|x64.ActiveCfg = Release|x86
		{496C9F40-6D0B-405C-A2AC-EF4DBDEBED14}.Release|x86.ActiveCfg = Release|x86
		{496C9F40-6D0B-405C-A2AC-EF4DBDEBED14}.Release|x86.Build.0 = Release|x86
		{B56397AA-413C-42C3-A8EE-C2751DFF3410}.Debug|Any CPU.ActiveCfg = Debug|Any CPU
		{B56397AA-413C-42C3-A8EE-C2751DFF3410}.Debug|Any CPU.Build.0 = Debug|Any CPU
		{B56397AA-413C-42C3-A8EE-C2751DFF3410}.Debug|ARM.ActiveCfg = Debug|Any CPU
		{B56397AA-413C-42C3-A8EE-C2751DFF3410}.Debug|ARM.Build.0 = Debug|Any CPU
		{B56397AA-413C-42C3-A8EE-C2751DFF3410}.Debug|Mixed Platforms.ActiveCfg = Debug|x86
		{B56397AA-413C-42C3-A8EE-C2751DFF3410}.Debug|Mixed Platforms.Build.0 = Debug|x86
		{B56397AA-413C-42C3-A8EE-C2751DFF3410}.Debug|x64.ActiveCfg = Debug|Any CPU
		{B56397AA-413C-42C3-A8EE-C2751DFF3410}.Debug|x64.Build.0 = Debug|Any CPU
		{B56397AA-413C-42C3-A8EE-C2751DFF3410}.Debug|x86.ActiveCfg = Debug|x86
		{B56397AA-413C-42C3-A8EE-C2751DFF3410}.Debug|x86.Build.0 = Debug|x86
		{B56397AA-413C-42C3-A8EE-C2751DFF3410}.Loctite|Any CPU.ActiveCfg = Loctite|Any CPU
		{B56397AA-413C-42C3-A8EE-C2751DFF3410}.Loctite|Any CPU.Build.0 = Loctite|Any CPU
		{B56397AA-413C-42C3-A8EE-C2751DFF3410}.Loctite|ARM.ActiveCfg = Loctite|Any CPU
		{B56397AA-413C-42C3-A8EE-C2751DFF3410}.Loctite|ARM.Build.0 = Loctite|Any CPU
		{B56397AA-413C-42C3-A8EE-C2751DFF3410}.Loctite|Mixed Platforms.ActiveCfg = Loctite|x86
		{B56397AA-413C-42C3-A8EE-C2751DFF3410}.Loctite|Mixed Platforms.Build.0 = Loctite|x86
		{B56397AA-413C-42C3-A8EE-C2751DFF3410}.Loctite|x64.ActiveCfg = Loctite|Any CPU
		{B56397AA-413C-42C3-A8EE-C2751DFF3410}.Loctite|x64.Build.0 = Loctite|Any CPU
		{B56397AA-413C-42C3-A8EE-C2751DFF3410}.Loctite|x86.ActiveCfg = Loctite|x86
		{B56397AA-413C-42C3-A8EE-C2751DFF3410}.Loctite|x86.Build.0 = Loctite|x86
		{B56397AA-413C-42C3-A8EE-C2751DFF3410}.Release_Offline|Any CPU.ActiveCfg = Release|Any CPU
		{B56397AA-413C-42C3-A8EE-C2751DFF3410}.Release_Offline|Any CPU.Build.0 = Release|Any CPU
		{B56397AA-413C-42C3-A8EE-C2751DFF3410}.Release_Offline|ARM.ActiveCfg = Release|Any CPU
		{B56397AA-413C-42C3-A8EE-C2751DFF3410}.Release_Offline|ARM.Build.0 = Release|Any CPU
		{B56397AA-413C-42C3-A8EE-C2751DFF3410}.Release_Offline|Mixed Platforms.ActiveCfg = Release|x86
		{B56397AA-413C-42C3-A8EE-C2751DFF3410}.Release_Offline|Mixed Platforms.Build.0 = Release|x86
		{B56397AA-413C-42C3-A8EE-C2751DFF3410}.Release_Offline|x64.ActiveCfg = Release|Any CPU
		{B56397AA-413C-42C3-A8EE-C2751DFF3410}.Release_Offline|x64.Build.0 = Release|Any CPU
		{B56397AA-413C-42C3-A8EE-C2751DFF3410}.Release_Offline|x86.ActiveCfg = Release|x86
		{B56397AA-413C-42C3-A8EE-C2751DFF3410}.Release_Offline|x86.Build.0 = Release|x86
		{B56397AA-413C-42C3-A8EE-C2751DFF3410}.Release|Any CPU.ActiveCfg = Release|Any CPU
		{B56397AA-413C-42C3-A8EE-C2751DFF3410}.Release|Any CPU.Build.0 = Release|Any CPU
		{B56397AA-413C-42C3-A8EE-C2751DFF3410}.Release|ARM.ActiveCfg = Release|Any CPU
		{B56397AA-413C-42C3-A8EE-C2751DFF3410}.Release|ARM.Build.0 = Release|Any CPU
		{B56397AA-413C-42C3-A8EE-C2751DFF3410}.Release|Mixed Platforms.ActiveCfg = Release|Any CPU
		{B56397AA-413C-42C3-A8EE-C2751DFF3410}.Release|Mixed Platforms.Build.0 = Release|Any CPU
		{B56397AA-413C-42C3-A8EE-C2751DFF3410}.Release|x64.ActiveCfg = Release|Any CPU
		{B56397AA-413C-42C3-A8EE-C2751DFF3410}.Release|x64.Build.0 = Release|Any CPU
		{B56397AA-413C-42C3-A8EE-C2751DFF3410}.Release|x86.ActiveCfg = Release|x86
		{B56397AA-413C-42C3-A8EE-C2751DFF3410}.Release|x86.Build.0 = Release|x86
		{A2D0BED0-5A36-4519-B0A7-85D7AD256956}.Debug|Any CPU.ActiveCfg = Debug
		{A2D0BED0-5A36-4519-B0A7-85D7AD256956}.Debug|Any CPU.Build.0 = Debug
		{A2D0BED0-5A36-4519-B0A7-85D7AD256956}.Debug|ARM.ActiveCfg = Debug
		{A2D0BED0-5A36-4519-B0A7-85D7AD256956}.Debug|ARM.Build.0 = Debug
		{A2D0BED0-5A36-4519-B0A7-85D7AD256956}.Debug|Mixed Platforms.ActiveCfg = Debug
		{A2D0BED0-5A36-4519-B0A7-85D7AD256956}.Debug|Mixed Platforms.Build.0 = Debug
		{A2D0BED0-5A36-4519-B0A7-85D7AD256956}.Debug|x64.ActiveCfg = Debug
		{A2D0BED0-5A36-4519-B0A7-85D7AD256956}.Debug|x64.Build.0 = Debug
		{A2D0BED0-5A36-4519-B0A7-85D7AD256956}.Debug|x86.ActiveCfg = Debug
		{A2D0BED0-5A36-4519-B0A7-85D7AD256956}.Debug|x86.Build.0 = Debug
		{A2D0BED0-5A36-4519-B0A7-85D7AD256956}.Loctite|Any CPU.ActiveCfg = Loctite
		{A2D0BED0-5A36-4519-B0A7-85D7AD256956}.Loctite|Any CPU.Build.0 = Loctite
		{A2D0BED0-5A36-4519-B0A7-85D7AD256956}.Loctite|ARM.ActiveCfg = Loctite
		{A2D0BED0-5A36-4519-B0A7-85D7AD256956}.Loctite|ARM.Build.0 = Loctite
		{A2D0BED0-5A36-4519-B0A7-85D7AD256956}.Loctite|Mixed Platforms.ActiveCfg = Loctite
		{A2D0BED0-5A36-4519-B0A7-85D7AD256956}.Loctite|Mixed Platforms.Build.0 = Loctite
		{A2D0BED0-5A36-4519-B0A7-85D7AD256956}.Loctite|x64.ActiveCfg = Loctite
		{A2D0BED0-5A36-4519-B0A7-85D7AD256956}.Loctite|x64.Build.0 = Loctite
		{A2D0BED0-5A36-4519-B0A7-85D7AD256956}.Loctite|x86.ActiveCfg = Loctite
		{A2D0BED0-5A36-4519-B0A7-85D7AD256956}.Loctite|x86.Build.0 = Loctite
		{A2D0BED0-5A36-4519-B0A7-85D7AD256956}.Release_Offline|Any CPU.ActiveCfg = Release
		{A2D0BED0-5A36-4519-B0A7-85D7AD256956}.Release_Offline|Any CPU.Build.0 = Release
		{A2D0BED0-5A36-4519-B0A7-85D7AD256956}.Release_Offline|ARM.ActiveCfg = Release
		{A2D0BED0-5A36-4519-B0A7-85D7AD256956}.Release_Offline|ARM.Build.0 = Release
		{A2D0BED0-5A36-4519-B0A7-85D7AD256956}.Release_Offline|Mixed Platforms.ActiveCfg = Release
		{A2D0BED0-5A36-4519-B0A7-85D7AD256956}.Release_Offline|Mixed Platforms.Build.0 = Release
		{A2D0BED0-5A36-4519-B0A7-85D7AD256956}.Release_Offline|x64.ActiveCfg = Release
		{A2D0BED0-5A36-4519-B0A7-85D7AD256956}.Release_Offline|x64.Build.0 = Release
		{A2D0BED0-5A36-4519-B0A7-85D7AD256956}.Release_Offline|x86.ActiveCfg = Release
		{A2D0BED0-5A36-4519-B0A7-85D7AD256956}.Release_Offline|x86.Build.0 = Release
		{A2D0BED0-5A36-4519-B0A7-85D7AD256956}.Release|Any CPU.ActiveCfg = Release
		{A2D0BED0-5A36-4519-B0A7-85D7AD256956}.Release|Any CPU.Build.0 = Release
		{A2D0BED0-5A36-4519-B0A7-85D7AD256956}.Release|ARM.ActiveCfg = Release
		{A2D0BED0-5A36-4519-B0A7-85D7AD256956}.Release|ARM.Build.0 = Release
		{A2D0BED0-5A36-4519-B0A7-85D7AD256956}.Release|Mixed Platforms.ActiveCfg = Release
		{A2D0BED0-5A36-4519-B0A7-85D7AD256956}.Release|Mixed Platforms.Build.0 = Release
		{A2D0BED0-5A36-4519-B0A7-85D7AD256956}.Release|x64.ActiveCfg = Release
		{A2D0BED0-5A36-4519-B0A7-85D7AD256956}.Release|x64.Build.0 = Release
		{A2D0BED0-5A36-4519-B0A7-85D7AD256956}.Release|x86.ActiveCfg = Release
		{A2D0BED0-5A36-4519-B0A7-85D7AD256956}.Release|x86.Build.0 = Release
		{C422407C-538B-4983-A75E-DD2C2258D5B3}.Debug|Any CPU.ActiveCfg = Debug|Any CPU
		{C422407C-538B-4983-A75E-DD2C2258D5B3}.Debug|Any CPU.Build.0 = Debug|Any CPU
		{C422407C-538B-4983-A75E-DD2C2258D5B3}.Debug|ARM.ActiveCfg = Debug|Any CPU
		{C422407C-538B-4983-A75E-DD2C2258D5B3}.Debug|ARM.Build.0 = Debug|Any CPU
		{C422407C-538B-4983-A75E-DD2C2258D5B3}.Debug|Mixed Platforms.ActiveCfg = Debug|Any CPU
		{C422407C-538B-4983-A75E-DD2C2258D5B3}.Debug|Mixed Platforms.Build.0 = Debug|Any CPU
		{C422407C-538B-4983-A75E-DD2C2258D5B3}.Debug|x64.ActiveCfg = Debug|Any CPU
		{C422407C-538B-4983-A75E-DD2C2258D5B3}.Debug|x64.Build.0 = Debug|Any CPU
		{C422407C-538B-4983-A75E-DD2C2258D5B3}.Debug|x86.ActiveCfg = Debug|Any CPU
		{C422407C-538B-4983-A75E-DD2C2258D5B3}.Debug|x86.Build.0 = Debug|Any CPU
		{C422407C-538B-4983-A75E-DD2C2258D5B3}.Loctite|Any CPU.ActiveCfg = Release|Any CPU
		{C422407C-538B-4983-A75E-DD2C2258D5B3}.Loctite|Any CPU.Build.0 = Release|Any CPU
		{C422407C-538B-4983-A75E-DD2C2258D5B3}.Loctite|ARM.ActiveCfg = Release|Any CPU
		{C422407C-538B-4983-A75E-DD2C2258D5B3}.Loctite|ARM.Build.0 = Release|Any CPU
		{C422407C-538B-4983-A75E-DD2C2258D5B3}.Loctite|Mixed Platforms.ActiveCfg = Release|Any CPU
		{C422407C-538B-4983-A75E-DD2C2258D5B3}.Loctite|Mixed Platforms.Build.0 = Release|Any CPU
		{C422407C-538B-4983-A75E-DD2C2258D5B3}.Loctite|x64.ActiveCfg = Release|Any CPU
		{C422407C-538B-4983-A75E-DD2C2258D5B3}.Loctite|x64.Build.0 = Release|Any CPU
		{C422407C-538B-4983-A75E-DD2C2258D5B3}.Loctite|x86.ActiveCfg = Release|Any CPU
		{C422407C-538B-4983-A75E-DD2C2258D5B3}.Loctite|x86.Build.0 = Release|Any CPU
		{C422407C-538B-4983-A75E-DD2C2258D5B3}.Release_Offline|Any CPU.ActiveCfg = Release|Any CPU
		{C422407C-538B-4983-A75E-DD2C2258D5B3}.Release_Offline|Any CPU.Build.0 = Release|Any CPU
		{C422407C-538B-4983-A75E-DD2C2258D5B3}.Release_Offline|ARM.ActiveCfg = Release|Any CPU
		{C422407C-538B-4983-A75E-DD2C2258D5B3}.Release_Offline|ARM.Build.0 = Release|Any CPU
		{C422407C-538B-4983-A75E-DD2C2258D5B3}.Release_Offline|Mixed Platforms.ActiveCfg = Release|Any CPU
		{C422407C-538B-4983-A75E-DD2C2258D5B3}.Release_Offline|Mixed Platforms.Build.0 = Release|Any CPU
		{C422407C-538B-4983-A75E-DD2C2258D5B3}.Release_Offline|x64.ActiveCfg = Release|Any CPU
		{C422407C-538B-4983-A75E-DD2C2258D5B3}.Release_Offline|x64.Build.0 = Release|Any CPU
		{C422407C-538B-4983-A75E-DD2C2258D5B3}.Release_Offline|x86.ActiveCfg = Release|Any CPU
		{C422407C-538B-4983-A75E-DD2C2258D5B3}.Release_Offline|x86.Build.0 = Release|Any CPU
		{C422407C-538B-4983-A75E-DD2C2258D5B3}.Release|Any CPU.ActiveCfg = Release|Any CPU
		{C422407C-538B-4983-A75E-DD2C2258D5B3}.Release|Any CPU.Build.0 = Release|Any CPU
		{C422407C-538B-4983-A75E-DD2C2258D5B3}.Release|ARM.ActiveCfg = Release|Any CPU
		{C422407C-538B-4983-A75E-DD2C2258D5B3}.Release|ARM.Build.0 = Release|Any CPU
		{C422407C-538B-4983-A75E-DD2C2258D5B3}.Release|Mixed Platforms.ActiveCfg = Release|Any CPU
		{C422407C-538B-4983-A75E-DD2C2258D5B3}.Release|Mixed Platforms.Build.0 = Release|Any CPU
		{C422407C-538B-4983-A75E-DD2C2258D5B3}.Release|x64.ActiveCfg = Release|Any CPU
		{C422407C-538B-4983-A75E-DD2C2258D5B3}.Release|x64.Build.0 = Release|Any CPU
		{C422407C-538B-4983-A75E-DD2C2258D5B3}.Release|x86.ActiveCfg = Release|Any CPU
		{C422407C-538B-4983-A75E-DD2C2258D5B3}.Release|x86.Build.0 = Release|Any CPU
		{3AEB1571-C928-436C-9470-4D1207CAEC75}.Debug|Any CPU.ActiveCfg = Debug|Any CPU
		{3AEB1571-C928-436C-9470-4D1207CAEC75}.Debug|Any CPU.Build.0 = Debug|Any CPU
		{3AEB1571-C928-436C-9470-4D1207CAEC75}.Debug|ARM.ActiveCfg = Debug|Any CPU
		{3AEB1571-C928-436C-9470-4D1207CAEC75}.Debug|ARM.Build.0 = Debug|Any CPU
		{3AEB1571-C928-436C-9470-4D1207CAEC75}.Debug|Mixed Platforms.ActiveCfg = Debug|Any CPU
		{3AEB1571-C928-436C-9470-4D1207CAEC75}.Debug|Mixed Platforms.Build.0 = Debug|Any CPU
		{3AEB1571-C928-436C-9470-4D1207CAEC75}.Debug|x64.ActiveCfg = Debug|Any CPU
		{3AEB1571-C928-436C-9470-4D1207CAEC75}.Debug|x64.Build.0 = Debug|Any CPU
		{3AEB1571-C928-436C-9470-4D1207CAEC75}.Debug|x86.ActiveCfg = Debug|Any CPU
		{3AEB1571-C928-436C-9470-4D1207CAEC75}.Debug|x86.Build.0 = Debug|Any CPU
		{3AEB1571-C928-436C-9470-4D1207CAEC75}.Loctite|Any CPU.ActiveCfg = Release|Any CPU
		{3AEB1571-C928-436C-9470-4D1207CAEC75}.Loctite|Any CPU.Build.0 = Release|Any CPU
		{3AEB1571-C928-436C-9470-4D1207CAEC75}.Loctite|ARM.ActiveCfg = Release|Any CPU
		{3AEB1571-C928-436C-9470-4D1207CAEC75}.Loctite|ARM.Build.0 = Release|Any CPU
		{3AEB1571-C928-436C-9470-4D1207CAEC75}.Loctite|Mixed Platforms.ActiveCfg = Release|Any CPU
		{3AEB1571-C928-436C-9470-4D1207CAEC75}.Loctite|Mixed Platforms.Build.0 = Release|Any CPU
		{3AEB1571-C928-436C-9470-4D1207CAEC75}.Loctite|x64.ActiveCfg = Release|Any CPU
		{3AEB1571-C928-436C-9470-4D1207CAEC75}.Loctite|x64.Build.0 = Release|Any CPU
		{3AEB1571-C928-436C-9470-4D1207CAEC75}.Loctite|x86.ActiveCfg = Release|Any CPU
		{3AEB1571-C928-436C-9470-4D1207CAEC75}.Loctite|x86.Build.0 = Release|Any CPU
		{3AEB1571-C928-436C-9470-4D1207CAEC75}.Release_Offline|Any CPU.ActiveCfg = Release|Any CPU
		{3AEB1571-C928-436C-9470-4D1207CAEC75}.Release_Offline|Any CPU.Build.0 = Release|Any CPU
		{3AEB1571-C928-436C-9470-4D1207CAEC75}.Release_Offline|ARM.ActiveCfg = Release|Any CPU
		{3AEB1571-C928-436C-9470-4D1207CAEC75}.Release_Offline|ARM.Build.0 = Release|Any CPU
		{3AEB1571-C928-436C-9470-4D1207CAEC75}.Release_Offline|Mixed Platforms.ActiveCfg = Release|Any CPU
		{3AEB1571-C928-436C-9470-4D1207CAEC75}.Release_Offline|Mixed Platforms.Build.0 = Release|Any CPU
		{3AEB1571-C928-436C-9470-4D1207CAEC75}.Release_Offline|x64.ActiveCfg = Release|Any CPU
		{3AEB1571-C928-436C-9470-4D1207CAEC75}.Release_Offline|x64.Build.0 = Release|Any CPU
		{3AEB1571-C928-436C-9470-4D1207CAEC75}.Release_Offline|x86.ActiveCfg = Release|Any CPU
		{3AEB1571-C928-436C-9470-4D1207CAEC75}.Release_Offline|x86.Build.0 = Release|Any CPU
		{3AEB1571-C928-436C-9470-4D1207CAEC75}.Release|Any CPU.ActiveCfg = Release|Any CPU
		{3AEB1571-C928-436C-9470-4D1207CAEC75}.Release|Any CPU.Build.0 = Release|Any CPU
		{3AEB1571-C928-436C-9470-4D1207CAEC75}.Release|ARM.ActiveCfg = Release|Any CPU
		{3AEB1571-C928-436C-9470-4D1207CAEC75}.Release|ARM.Build.0 = Release|Any CPU
		{3AEB1571-C928-436C-9470-4D1207CAEC75}.Release|Mixed Platforms.ActiveCfg = Release|Any CPU
		{3AEB1571-C928-436C-9470-4D1207CAEC75}.Release|Mixed Platforms.Build.0 = Release|Any CPU
		{3AEB1571-C928-436C-9470-4D1207CAEC75}.Release|x64.ActiveCfg = Release|Any CPU
		{3AEB1571-C928-436C-9470-4D1207CAEC75}.Release|x64.Build.0 = Release|Any CPU
		{3AEB1571-C928-436C-9470-4D1207CAEC75}.Release|x86.ActiveCfg = Release|Any CPU
		{3AEB1571-C928-436C-9470-4D1207CAEC75}.Release|x86.Build.0 = Release|Any CPU
		{E1F94520-4811-4648-BB6B-60788E355459}.Debug|Any CPU.ActiveCfg = Debug|Any CPU
		{E1F94520-4811-4648-BB6B-60788E355459}.Debug|Any CPU.Build.0 = Debug|Any CPU
		{E1F94520-4811-4648-BB6B-60788E355459}.Debug|ARM.ActiveCfg = Debug|Any CPU
		{E1F94520-4811-4648-BB6B-60788E355459}.Debug|ARM.Build.0 = Debug|Any CPU
		{E1F94520-4811-4648-BB6B-60788E355459}.Debug|Mixed Platforms.ActiveCfg = Debug|Any CPU
		{E1F94520-4811-4648-BB6B-60788E355459}.Debug|Mixed Platforms.Build.0 = Debug|Any CPU
		{E1F94520-4811-4648-BB6B-60788E355459}.Debug|x64.ActiveCfg = Debug|Any CPU
		{E1F94520-4811-4648-BB6B-60788E355459}.Debug|x64.Build.0 = Debug|Any CPU
		{E1F94520-4811-4648-BB6B-60788E355459}.Debug|x86.ActiveCfg = Debug|Any CPU
		{E1F94520-4811-4648-BB6B-60788E355459}.Debug|x86.Build.0 = Debug|Any CPU
		{E1F94520-4811-4648-BB6B-60788E355459}.Loctite|Any CPU.ActiveCfg = Release|Any CPU
		{E1F94520-4811-4648-BB6B-60788E355459}.Loctite|Any CPU.Build.0 = Release|Any CPU
		{E1F94520-4811-4648-BB6B-60788E355459}.Loctite|ARM.ActiveCfg = Release|Any CPU
		{E1F94520-4811-4648-BB6B-60788E355459}.Loctite|ARM.Build.0 = Release|Any CPU
		{E1F94520-4811-4648-BB6B-60788E355459}.Loctite|Mixed Platforms.ActiveCfg = Release|Any CPU
		{E1F94520-4811-4648-BB6B-60788E355459}.Loctite|Mixed Platforms.Build.0 = Release|Any CPU
		{E1F94520-4811-4648-BB6B-60788E355459}.Loctite|x64.ActiveCfg = Release|Any CPU
		{E1F94520-4811-4648-BB6B-60788E355459}.Loctite|x64.Build.0 = Release|Any CPU
		{E1F94520-4811-4648-BB6B-60788E355459}.Loctite|x86.ActiveCfg = Release|Any CPU
		{E1F94520-4811-4648-BB6B-60788E355459}.Loctite|x86.Build.0 = Release|Any CPU
		{E1F94520-4811-4648-BB6B-60788E355459}.Release_Offline|Any CPU.ActiveCfg = Release|Any CPU
		{E1F94520-4811-4648-BB6B-60788E355459}.Release_Offline|Any CPU.Build.0 = Release|Any CPU
		{E1F94520-4811-4648-BB6B-60788E355459}.Release_Offline|ARM.ActiveCfg = Release|Any CPU
		{E1F94520-4811-4648-BB6B-60788E355459}.Release_Offline|ARM.Build.0 = Release|Any CPU
		{E1F94520-4811-4648-BB6B-60788E355459}.Release_Offline|Mixed Platforms.ActiveCfg = Release|Any CPU
		{E1F94520-4811-4648-BB6B-60788E355459}.Release_Offline|Mixed Platforms.Build.0 = Release|Any CPU
		{E1F94520-4811-4648-BB6B-60788E355459}.Release_Offline|x64.ActiveCfg = Release|Any CPU
		{E1F94520-4811-4648-BB6B-60788E355459}.Release_Offline|x64.Build.0 = Release|Any CPU
		{E1F94520-4811-4648-BB6B-60788E355459}.Release_Offline|x86.ActiveCfg = Release|Any CPU
		{E1F94520-4811-4648-BB6B-60788E355459}.Release_Offline|x86.Build.0 = Release|Any CPU
		{E1F94520-4811-4648-BB6B-60788E355459}.Release|Any CPU.ActiveCfg = Release|Any CPU
		{E1F94520-4811-4648-BB6B-60788E355459}.Release|Any CPU.Build.0 = Release|Any CPU
		{E1F94520-4811-4648-BB6B-60788E355459}.Release|ARM.ActiveCfg = Release|Any CPU
		{E1F94520-4811-4648-BB6B-60788E355459}.Release|ARM.Build.0 = Release|Any CPU
		{E1F94520-4811-4648-BB6B-60788E355459}.Release|Mixed Platforms.ActiveCfg = Release|Any CPU
		{E1F94520-4811-4648-BB6B-60788E355459}.Release|Mixed Platforms.Build.0 = Release|Any CPU
		{E1F94520-4811-4648-BB6B-60788E355459}.Release|x64.ActiveCfg = Release|Any CPU
		{E1F94520-4811-4648-BB6B-60788E355459}.Release|x64.Build.0 = Release|Any CPU
		{E1F94520-4811-4648-BB6B-60788E355459}.Release|x86.ActiveCfg = Release|Any CPU
		{E1F94520-4811-4648-BB6B-60788E355459}.Release|x86.Build.0 = Release|Any CPU
		{CA240EC1-825C-4F8B-8C62-A9752BFD056C}.Debug|Any CPU.ActiveCfg = Debug|Any CPU
		{CA240EC1-825C-4F8B-8C62-A9752BFD056C}.Debug|Any CPU.Build.0 = Debug|Any CPU
		{CA240EC1-825C-4F8B-8C62-A9752BFD056C}.Debug|ARM.ActiveCfg = Debug|Any CPU
		{CA240EC1-825C-4F8B-8C62-A9752BFD056C}.Debug|ARM.Build.0 = Debug|Any CPU
		{CA240EC1-825C-4F8B-8C62-A9752BFD056C}.Debug|Mixed Platforms.ActiveCfg = Debug|Any CPU
		{CA240EC1-825C-4F8B-8C62-A9752BFD056C}.Debug|Mixed Platforms.Build.0 = Debug|Any CPU
		{CA240EC1-825C-4F8B-8C62-A9752BFD056C}.Debug|x64.ActiveCfg = Debug|Any CPU
		{CA240EC1-825C-4F8B-8C62-A9752BFD056C}.Debug|x64.Build.0 = Debug|Any CPU
		{CA240EC1-825C-4F8B-8C62-A9752BFD056C}.Debug|x86.ActiveCfg = Debug|Any CPU
		{CA240EC1-825C-4F8B-8C62-A9752BFD056C}.Debug|x86.Build.0 = Debug|Any CPU
		{CA240EC1-825C-4F8B-8C62-A9752BFD056C}.Loctite|Any CPU.ActiveCfg = Release|Any CPU
		{CA240EC1-825C-4F8B-8C62-A9752BFD056C}.Loctite|Any CPU.Build.0 = Release|Any CPU
		{CA240EC1-825C-4F8B-8C62-A9752BFD056C}.Loctite|ARM.ActiveCfg = Release|Any CPU
		{CA240EC1-825C-4F8B-8C62-A9752BFD056C}.Loctite|ARM.Build.0 = Release|Any CPU
		{CA240EC1-825C-4F8B-8C62-A9752BFD056C}.Loctite|Mixed Platforms.ActiveCfg = Release|Any CPU
		{CA240EC1-825C-4F8B-8C62-A9752BFD056C}.Loctite|Mixed Platforms.Build.0 = Release|Any CPU
		{CA240EC1-825C-4F8B-8C62-A9752BFD056C}.Loctite|x64.ActiveCfg = Release|Any CPU
		{CA240EC1-825C-4F8B-8C62-A9752BFD056C}.Loctite|x64.Build.0 = Release|Any CPU
		{CA240EC1-825C-4F8B-8C62-A9752BFD056C}.Loctite|x86.ActiveCfg = Release|Any CPU
		{CA240EC1-825C-4F8B-8C62-A9752BFD056C}.Loctite|x86.Build.0 = Release|Any CPU
		{CA240EC1-825C-4F8B-8C62-A9752BFD056C}.Release_Offline|Any CPU.ActiveCfg = Release|Any CPU
		{CA240EC1-825C-4F8B-8C62-A9752BFD056C}.Release_Offline|Any CPU.Build.0 = Release|Any CPU
		{CA240EC1-825C-4F8B-8C62-A9752BFD056C}.Release_Offline|ARM.ActiveCfg = Release|Any CPU
		{CA240EC1-825C-4F8B-8C62-A9752BFD056C}.Release_Offline|ARM.Build.0 = Release|Any CPU
		{CA240EC1-825C-4F8B-8C62-A9752BFD056C}.Release_Offline|Mixed Platforms.ActiveCfg = Release|Any CPU
		{CA240EC1-825C-4F8B-8C62-A9752BFD056C}.Release_Offline|Mixed Platforms.Build.0 = Release|Any CPU
		{CA240EC1-825C-4F8B-8C62-A9752BFD056C}.Release_Offline|x64.ActiveCfg = Release|Any CPU
		{CA240EC1-825C-4F8B-8C62-A9752BFD056C}.Release_Offline|x64.Build.0 = Release|Any CPU
		{CA240EC1-825C-4F8B-8C62-A9752BFD056C}.Release_Offline|x86.ActiveCfg = Release|Any CPU
		{CA240EC1-825C-4F8B-8C62-A9752BFD056C}.Release_Offline|x86.Build.0 = Release|Any CPU
		{CA240EC1-825C-4F8B-8C62-A9752BFD056C}.Release|Any CPU.ActiveCfg = Release|Any CPU
		{CA240EC1-825C-4F8B-8C62-A9752BFD056C}.Release|Any CPU.Build.0 = Release|Any CPU
		{CA240EC1-825C-4F8B-8C62-A9752BFD056C}.Release|ARM.ActiveCfg = Release|Any CPU
		{CA240EC1-825C-4F8B-8C62-A9752BFD056C}.Release|ARM.Build.0 = Release|Any CPU
		{CA240EC1-825C-4F8B-8C62-A9752BFD056C}.Release|Mixed Platforms.ActiveCfg = Release|Any CPU
		{CA240EC1-825C-4F8B-8C62-A9752BFD056C}.Release|Mixed Platforms.Build.0 = Release|Any CPU
		{CA240EC1-825C-4F8B-8C62-A9752BFD056C}.Release|x64.ActiveCfg = Release|Any CPU
		{CA240EC1-825C-4F8B-8C62-A9752BFD056C}.Release|x64.Build.0 = Release|Any CPU
		{CA240EC1-825C-4F8B-8C62-A9752BFD056C}.Release|x86.ActiveCfg = Release|Any CPU
		{CA240EC1-825C-4F8B-8C62-A9752BFD056C}.Release|x86.Build.0 = Release|Any CPU
		{CA240EC1-825C-4F8B-8C62-A9752BFD056F}.Debug|Any CPU.ActiveCfg = Debug|Any CPU
		{CA240EC1-825C-4F8B-8C62-A9752BFD056F}.Debug|Any CPU.Build.0 = Debug|Any CPU
		{CA240EC1-825C-4F8B-8C62-A9752BFD056F}.Debug|ARM.ActiveCfg = Debug|Any CPU
		{CA240EC1-825C-4F8B-8C62-A9752BFD056F}.Debug|ARM.Build.0 = Debug|Any CPU
		{CA240EC1-825C-4F8B-8C62-A9752BFD056F}.Debug|Mixed Platforms.ActiveCfg = Debug|Any CPU
		{CA240EC1-825C-4F8B-8C62-A9752BFD056F}.Debug|Mixed Platforms.Build.0 = Debug|Any CPU
		{CA240EC1-825C-4F8B-8C62-A9752BFD056F}.Debug|x64.ActiveCfg = Debug|Any CPU
		{CA240EC1-825C-4F8B-8C62-A9752BFD056F}.Debug|x64.Build.0 = Debug|Any CPU
		{CA240EC1-825C-4F8B-8C62-A9752BFD056F}.Debug|x86.ActiveCfg = Debug|Any CPU
		{CA240EC1-825C-4F8B-8C62-A9752BFD056F}.Debug|x86.Build.0 = Debug|Any CPU
		{CA240EC1-825C-4F8B-8C62-A9752BFD056F}.Loctite|Any CPU.ActiveCfg = Release|Any CPU
		{CA240EC1-825C-4F8B-8C62-A9752BFD056F}.Loctite|Any CPU.Build.0 = Release|Any CPU
		{CA240EC1-825C-4F8B-8C62-A9752BFD056F}.Loctite|ARM.ActiveCfg = Release|Any CPU
		{CA240EC1-825C-4F8B-8C62-A9752BFD056F}.Loctite|ARM.Build.0 = Release|Any CPU
		{CA240EC1-825C-4F8B-8C62-A9752BFD056F}.Loctite|Mixed Platforms.ActiveCfg = Release|Any CPU
		{CA240EC1-825C-4F8B-8C62-A9752BFD056F}.Loctite|Mixed Platforms.Build.0 = Release|Any CPU
		{CA240EC1-825C-4F8B-8C62-A9752BFD056F}.Loctite|x64.ActiveCfg = Release|Any CPU
		{CA240EC1-825C-4F8B-8C62-A9752BFD056F}.Loctite|x64.Build.0 = Release|Any CPU
		{CA240EC1-825C-4F8B-8C62-A9752BFD056F}.Loctite|x86.ActiveCfg = Release|Any CPU
		{CA240EC1-825C-4F8B-8C62-A9752BFD056F}.Loctite|x86.Build.0 = Release|Any CPU
		{CA240EC1-825C-4F8B-8C62-A9752BFD056F}.Release_Offline|Any CPU.ActiveCfg = Release|Any CPU
		{CA240EC1-825C-4F8B-8C62-A9752BFD056F}.Release_Offline|Any CPU.Build.0 = Release|Any CPU
		{CA240EC1-825C-4F8B-8C62-A9752BFD056F}.Release_Offline|ARM.ActiveCfg = Release|Any CPU
		{CA240EC1-825C-4F8B-8C62-A9752BFD056F}.Release_Offline|ARM.Build.0 = Release|Any CPU
		{CA240EC1-825C-4F8B-8C62-A9752BFD056F}.Release_Offline|Mixed Platforms.ActiveCfg = Release|Any CPU
		{CA240EC1-825C-4F8B-8C62-A9752BFD056F}.Release_Offline|Mixed Platforms.Build.0 = Release|Any CPU
		{CA240EC1-825C-4F8B-8C62-A9752BFD056F}.Release_Offline|x64.ActiveCfg = Release|Any CPU
		{CA240EC1-825C-4F8B-8C62-A9752BFD056F}.Release_Offline|x64.Build.0 = Release|Any CPU
		{CA240EC1-825C-4F8B-8C62-A9752BFD056F}.Release_Offline|x86.ActiveCfg = Release|Any CPU
		{CA240EC1-825C-4F8B-8C62-A9752BFD056F}.Release_Offline|x86.Build.0 = Release|Any CPU
		{CA240EC1-825C-4F8B-8C62-A9752BFD056F}.Release|Any CPU.ActiveCfg = Release|Any CPU
		{CA240EC1-825C-4F8B-8C62-A9752BFD056F}.Release|Any CPU.Build.0 = Release|Any CPU
		{CA240EC1-825C-4F8B-8C62-A9752BFD056F}.Release|ARM.ActiveCfg = Release|Any CPU
		{CA240EC1-825C-4F8B-8C62-A9752BFD056F}.Release|ARM.Build.0 = Release|Any CPU
		{CA240EC1-825C-4F8B-8C62-A9752BFD056F}.Release|Mixed Platforms.ActiveCfg = Release|Any CPU
		{CA240EC1-825C-4F8B-8C62-A9752BFD056F}.Release|Mixed Platforms.Build.0 = Release|Any CPU
		{CA240EC1-825C-4F8B-8C62-A9752BFD056F}.Release|x64.ActiveCfg = Release|Any CPU
		{CA240EC1-825C-4F8B-8C62-A9752BFD056F}.Release|x64.Build.0 = Release|Any CPU
		{CA240EC1-825C-4F8B-8C62-A9752BFD056F}.Release|x86.ActiveCfg = Release|Any CPU
		{CA240EC1-825C-4F8B-8C62-A9752BFD056F}.Release|x86.Build.0 = Release|Any CPU
		{06FBF0DA-3D8A-4F41-900B-CB4752C4583E}.Debug|Any CPU.ActiveCfg = Debug|Any CPU
		{06FBF0DA-3D8A-4F41-900B-CB4752C4583E}.Debug|Any CPU.Build.0 = Debug|Any CPU
		{06FBF0DA-3D8A-4F41-900B-CB4752C4583E}.Debug|ARM.ActiveCfg = Debug|Any CPU
		{06FBF0DA-3D8A-4F41-900B-CB4752C4583E}.Debug|ARM.Build.0 = Debug|Any CPU
		{06FBF0DA-3D8A-4F41-900B-CB4752C4583E}.Debug|Mixed Platforms.ActiveCfg = Debug|Any CPU
		{06FBF0DA-3D8A-4F41-900B-CB4752C4583E}.Debug|Mixed Platforms.Build.0 = Debug|Any CPU
		{06FBF0DA-3D8A-4F41-900B-CB4752C4583E}.Debug|x64.ActiveCfg = Debug|Any CPU
		{06FBF0DA-3D8A-4F41-900B-CB4752C4583E}.Debug|x64.Build.0 = Debug|Any CPU
		{06FBF0DA-3D8A-4F41-900B-CB4752C4583E}.Debug|x86.ActiveCfg = Debug|Any CPU
		{06FBF0DA-3D8A-4F41-900B-CB4752C4583E}.Debug|x86.Build.0 = Debug|Any CPU
		{06FBF0DA-3D8A-4F41-900B-CB4752C4583E}.Loctite|Any CPU.ActiveCfg = Release|Any CPU
		{06FBF0DA-3D8A-4F41-900B-CB4752C4583E}.Loctite|Any CPU.Build.0 = Release|Any CPU
		{06FBF0DA-3D8A-4F41-900B-CB4752C4583E}.Loctite|ARM.ActiveCfg = Release|Any CPU
		{06FBF0DA-3D8A-4F41-900B-CB4752C4583E}.Loctite|ARM.Build.0 = Release|Any CPU
		{06FBF0DA-3D8A-4F41-900B-CB4752C4583E}.Loctite|Mixed Platforms.ActiveCfg = Release|Any CPU
		{06FBF0DA-3D8A-4F41-900B-CB4752C4583E}.Loctite|Mixed Platforms.Build.0 = Release|Any CPU
		{06FBF0DA-3D8A-4F41-900B-CB4752C4583E}.Loctite|x64.ActiveCfg = Release|Any CPU
		{06FBF0DA-3D8A-4F41-900B-CB4752C4583E}.Loctite|x64.Build.0 = Release|Any CPU
		{06FBF0DA-3D8A-4F41-900B-CB4752C4583E}.Loctite|x86.ActiveCfg = Release|Any CPU
		{06FBF0DA-3D8A-4F41-900B-CB4752C4583E}.Loctite|x86.Build.0 = Release|Any CPU
		{06FBF0DA-3D8A-4F41-900B-CB4752C4583E}.Release_Offline|Any CPU.ActiveCfg = Release|Any CPU
		{06FBF0DA-3D8A-4F41-900B-CB4752C4583E}.Release_Offline|Any CPU.Build.0 = Release|Any CPU
		{06FBF0DA-3D8A-4F41-900B-CB4752C4583E}.Release_Offline|ARM.ActiveCfg = Release|Any CPU
		{06FBF0DA-3D8A-4F41-900B-CB4752C4583E}.Release_Offline|ARM.Build.0 = Release|Any CPU
		{06FBF0DA-3D8A-4F41-900B-CB4752C4583E}.Release_Offline|Mixed Platforms.ActiveCfg = Release|Any CPU
		{06FBF0DA-3D8A-4F41-900B-CB4752C4583E}.Release_Offline|Mixed Platforms.Build.0 = Release|Any CPU
		{06FBF0DA-3D8A-4F41-900B-CB4752C4583E}.Release_Offline|x64.ActiveCfg = Release|Any CPU
		{06FBF0DA-3D8A-4F41-900B-CB4752C4583E}.Release_Offline|x64.Build.0 = Release|Any CPU
		{06FBF0DA-3D8A-4F41-900B-CB4752C4583E}.Release_Offline|x86.ActiveCfg = Release|Any CPU
		{06FBF0DA-3D8A-4F41-900B-CB4752C4583E}.Release_Offline|x86.Build.0 = Release|Any CPU
		{06FBF0DA-3D8A-4F41-900B-CB4752C4583E}.Release|Any CPU.ActiveCfg = Release|Any CPU
		{06FBF0DA-3D8A-4F41-900B-CB4752C4583E}.Release|Any CPU.Build.0 = Release|Any CPU
		{06FBF0DA-3D8A-4F41-900B-CB4752C4583E}.Release|ARM.ActiveCfg = Release|Any CPU
		{06FBF0DA-3D8A-4F41-900B-CB4752C4583E}.Release|ARM.Build.0 = Release|Any CPU
		{06FBF0DA-3D8A-4F41-900B-CB4752C4583E}.Release|Mixed Platforms.ActiveCfg = Release|Any CPU
		{06FBF0DA-3D8A-4F41-900B-CB4752C4583E}.Release|Mixed Platforms.Build.0 = Release|Any CPU
		{06FBF0DA-3D8A-4F41-900B-CB4752C4583E}.Release|x64.ActiveCfg = Release|Any CPU
		{06FBF0DA-3D8A-4F41-900B-CB4752C4583E}.Release|x64.Build.0 = Release|Any CPU
		{06FBF0DA-3D8A-4F41-900B-CB4752C4583E}.Release|x86.ActiveCfg = Release|Any CPU
		{06FBF0DA-3D8A-4F41-900B-CB4752C4583E}.Release|x86.Build.0 = Release|Any CPU
		{023154E0-A230-434D-92A4-4A21D8EA2DF0}.Debug|Any CPU.ActiveCfg = Debug|Any CPU
		{023154E0-A230-434D-92A4-4A21D8EA2DF0}.Debug|Any CPU.Build.0 = Debug|Any CPU
		{023154E0-A230-434D-92A4-4A21D8EA2DF0}.Debug|ARM.ActiveCfg = Debug|Any CPU
		{023154E0-A230-434D-92A4-4A21D8EA2DF0}.Debug|ARM.Build.0 = Debug|Any CPU
		{023154E0-A230-434D-92A4-4A21D8EA2DF0}.Debug|Mixed Platforms.ActiveCfg = Debug|Any CPU
		{023154E0-A230-434D-92A4-4A21D8EA2DF0}.Debug|Mixed Platforms.Build.0 = Debug|Any CPU
		{023154E0-A230-434D-92A4-4A21D8EA2DF0}.Debug|x64.ActiveCfg = Debug|Any CPU
		{023154E0-A230-434D-92A4-4A21D8EA2DF0}.Debug|x64.Build.0 = Debug|Any CPU
		{023154E0-A230-434D-92A4-4A21D8EA2DF0}.Debug|x86.ActiveCfg = Debug|Any CPU
		{023154E0-A230-434D-92A4-4A21D8EA2DF0}.Debug|x86.Build.0 = Debug|Any CPU
		{023154E0-A230-434D-92A4-4A21D8EA2DF0}.Loctite|Any CPU.ActiveCfg = Release|Any CPU
		{023154E0-A230-434D-92A4-4A21D8EA2DF0}.Loctite|Any CPU.Build.0 = Release|Any CPU
		{023154E0-A230-434D-92A4-4A21D8EA2DF0}.Loctite|ARM.ActiveCfg = Release|Any CPU
		{023154E0-A230-434D-92A4-4A21D8EA2DF0}.Loctite|ARM.Build.0 = Release|Any CPU
		{023154E0-A230-434D-92A4-4A21D8EA2DF0}.Loctite|Mixed Platforms.ActiveCfg = Release|Any CPU
		{023154E0-A230-434D-92A4-4A21D8EA2DF0}.Loctite|Mixed Platforms.Build.0 = Release|Any CPU
		{023154E0-A230-434D-92A4-4A21D8EA2DF0}.Loctite|x64.ActiveCfg = Release|Any CPU
		{023154E0-A230-434D-92A4-4A21D8EA2DF0}.Loctite|x64.Build.0 = Release|Any CPU
		{023154E0-A230-434D-92A4-4A21D8EA2DF0}.Loctite|x86.ActiveCfg = Release|Any CPU
		{023154E0-A230-434D-92A4-4A21D8EA2DF0}.Loctite|x86.Build.0 = Release|Any CPU
		{023154E0-A230-434D-92A4-4A21D8EA2DF0}.Release_Offline|Any CPU.ActiveCfg = Release|Any CPU
		{023154E0-A230-434D-92A4-4A21D8EA2DF0}.Release_Offline|Any CPU.Build.0 = Release|Any CPU
		{023154E0-A230-434D-92A4-4A21D8EA2DF0}.Release_Offline|ARM.ActiveCfg = Release|Any CPU
		{023154E0-A230-434D-92A4-4A21D8EA2DF0}.Release_Offline|ARM.Build.0 = Release|Any CPU
		{023154E0-A230-434D-92A4-4A21D8EA2DF0}.Release_Offline|Mixed Platforms.ActiveCfg = Release|Any CPU
		{023154E0-A230-434D-92A4-4A21D8EA2DF0}.Release_Offline|Mixed Platforms.Build.0 = Release|Any CPU
		{023154E0-A230-434D-92A4-4A21D8EA2DF0}.Release_Offline|x64.ActiveCfg = Release|Any CPU
		{023154E0-A230-434D-92A4-4A21D8EA2DF0}.Release_Offline|x64.Build.0 = Release|Any CPU
		{023154E0-A230-434D-92A4-4A21D8EA2DF0}.Release_Offline|x86.ActiveCfg = Release|Any CPU
		{023154E0-A230-434D-92A4-4A21D8EA2DF0}.Release_Offline|x86.Build.0 = Release|Any CPU
		{023154E0-A230-434D-92A4-4A21D8EA2DF0}.Release|Any CPU.ActiveCfg = Release|Any CPU
		{023154E0-A230-434D-92A4-4A21D8EA2DF0}.Release|Any CPU.Build.0 = Release|Any CPU
		{023154E0-A230-434D-92A4-4A21D8EA2DF0}.Release|ARM.ActiveCfg = Release|Any CPU
		{023154E0-A230-434D-92A4-4A21D8EA2DF0}.Release|ARM.Build.0 = Release|Any CPU
		{023154E0-A230-434D-92A4-4A21D8EA2DF0}.Release|Mixed Platforms.ActiveCfg = Release|Any CPU
		{023154E0-A230-434D-92A4-4A21D8EA2DF0}.Release|Mixed Platforms.Build.0 = Release|Any CPU
		{023154E0-A230-434D-92A4-4A21D8EA2DF0}.Release|x64.ActiveCfg = Release|Any CPU
		{023154E0-A230-434D-92A4-4A21D8EA2DF0}.Release|x64.Build.0 = Release|Any CPU
		{023154E0-A230-434D-92A4-4A21D8EA2DF0}.Release|x86.ActiveCfg = Release|Any CPU
		{023154E0-A230-434D-92A4-4A21D8EA2DF0}.Release|x86.Build.0 = Release|Any CPU
		{DAD38660-A683-47E4-9DBE-DBDBB960D086}.Debug|Any CPU.ActiveCfg = Debug|Any CPU
		{DAD38660-A683-47E4-9DBE-DBDBB960D086}.Debug|Any CPU.Build.0 = Debug|Any CPU
		{DAD38660-A683-47E4-9DBE-DBDBB960D086}.Debug|ARM.ActiveCfg = Debug|Any CPU
		{DAD38660-A683-47E4-9DBE-DBDBB960D086}.Debug|ARM.Build.0 = Debug|Any CPU
		{DAD38660-A683-47E4-9DBE-DBDBB960D086}.Debug|Mixed Platforms.ActiveCfg = Debug|Any CPU
		{DAD38660-A683-47E4-9DBE-DBDBB960D086}.Debug|Mixed Platforms.Build.0 = Debug|Any CPU
		{DAD38660-A683-47E4-9DBE-DBDBB960D086}.Debug|x64.ActiveCfg = Debug|Any CPU
		{DAD38660-A683-47E4-9DBE-DBDBB960D086}.Debug|x64.Build.0 = Debug|Any CPU
		{DAD38660-A683-47E4-9DBE-DBDBB960D086}.Debug|x86.ActiveCfg = Debug|Any CPU
		{DAD38660-A683-47E4-9DBE-DBDBB960D086}.Debug|x86.Build.0 = Debug|Any CPU
		{DAD38660-A683-47E4-9DBE-DBDBB960D086}.Loctite|Any CPU.ActiveCfg = Loctite|Any CPU
		{DAD38660-A683-47E4-9DBE-DBDBB960D086}.Loctite|Any CPU.Build.0 = Loctite|Any CPU
		{DAD38660-A683-47E4-9DBE-DBDBB960D086}.Loctite|ARM.ActiveCfg = Release|Any CPU
		{DAD38660-A683-47E4-9DBE-DBDBB960D086}.Loctite|ARM.Build.0 = Release|Any CPU
		{DAD38660-A683-47E4-9DBE-DBDBB960D086}.Loctite|Mixed Platforms.ActiveCfg = Release|Any CPU
		{DAD38660-A683-47E4-9DBE-DBDBB960D086}.Loctite|Mixed Platforms.Build.0 = Release|Any CPU
		{DAD38660-A683-47E4-9DBE-DBDBB960D086}.Loctite|x64.ActiveCfg = Release|Any CPU
		{DAD38660-A683-47E4-9DBE-DBDBB960D086}.Loctite|x64.Build.0 = Release|Any CPU
		{DAD38660-A683-47E4-9DBE-DBDBB960D086}.Loctite|x86.ActiveCfg = Release|Any CPU
		{DAD38660-A683-47E4-9DBE-DBDBB960D086}.Loctite|x86.Build.0 = Release|Any CPU
		{DAD38660-A683-47E4-9DBE-DBDBB960D086}.Release_Offline|Any CPU.ActiveCfg = Release|Any CPU
		{DAD38660-A683-47E4-9DBE-DBDBB960D086}.Release_Offline|Any CPU.Build.0 = Release|Any CPU
		{DAD38660-A683-47E4-9DBE-DBDBB960D086}.Release_Offline|ARM.ActiveCfg = Release|Any CPU
		{DAD38660-A683-47E4-9DBE-DBDBB960D086}.Release_Offline|ARM.Build.0 = Release|Any CPU
		{DAD38660-A683-47E4-9DBE-DBDBB960D086}.Release_Offline|Mixed Platforms.ActiveCfg = Release|Any CPU
		{DAD38660-A683-47E4-9DBE-DBDBB960D086}.Release_Offline|Mixed Platforms.Build.0 = Release|Any CPU
		{DAD38660-A683-47E4-9DBE-DBDBB960D086}.Release_Offline|x64.ActiveCfg = Release|Any CPU
		{DAD38660-A683-47E4-9DBE-DBDBB960D086}.Release_Offline|x64.Build.0 = Release|Any CPU
		{DAD38660-A683-47E4-9DBE-DBDBB960D086}.Release_Offline|x86.ActiveCfg = Release|Any CPU
		{DAD38660-A683-47E4-9DBE-DBDBB960D086}.Release_Offline|x86.Build.0 = Release|Any CPU
		{DAD38660-A683-47E4-9DBE-DBDBB960D086}.Release|Any CPU.ActiveCfg = Release|Any CPU
		{DAD38660-A683-47E4-9DBE-DBDBB960D086}.Release|Any CPU.Build.0 = Release|Any CPU
		{DAD38660-A683-47E4-9DBE-DBDBB960D086}.Release|ARM.ActiveCfg = Release|Any CPU
		{DAD38660-A683-47E4-9DBE-DBDBB960D086}.Release|ARM.Build.0 = Release|Any CPU
		{DAD38660-A683-47E4-9DBE-DBDBB960D086}.Release|Mixed Platforms.ActiveCfg = Release|Any CPU
		{DAD38660-A683-47E4-9DBE-DBDBB960D086}.Release|Mixed Platforms.Build.0 = Release|Any CPU
		{DAD38660-A683-47E4-9DBE-DBDBB960D086}.Release|x64.ActiveCfg = Release|Any CPU
		{DAD38660-A683-47E4-9DBE-DBDBB960D086}.Release|x64.Build.0 = Release|Any CPU
		{DAD38660-A683-47E4-9DBE-DBDBB960D086}.Release|x86.ActiveCfg = Release|Any CPU
		{DAD38660-A683-47E4-9DBE-DBDBB960D086}.Release|x86.Build.0 = Release|Any CPU
		{883449A9-87F1-43EC-9642-B6D8EF09840A}.Debug|Any CPU.ActiveCfg = Debug
		{883449A9-87F1-43EC-9642-B6D8EF09840A}.Debug|ARM.ActiveCfg = Debug
		{883449A9-87F1-43EC-9642-B6D8EF09840A}.Debug|Mixed Platforms.ActiveCfg = Debug
		{883449A9-87F1-43EC-9642-B6D8EF09840A}.Debug|x64.ActiveCfg = Debug
		{883449A9-87F1-43EC-9642-B6D8EF09840A}.Debug|x86.ActiveCfg = Debug
		{883449A9-87F1-43EC-9642-B6D8EF09840A}.Loctite|Any CPU.ActiveCfg = Release
		{883449A9-87F1-43EC-9642-B6D8EF09840A}.Loctite|ARM.ActiveCfg = Release
		{883449A9-87F1-43EC-9642-B6D8EF09840A}.Loctite|Mixed Platforms.ActiveCfg = Release
		{883449A9-87F1-43EC-9642-B6D8EF09840A}.Loctite|x64.ActiveCfg = Release
		{883449A9-87F1-43EC-9642-B6D8EF09840A}.Loctite|x86.ActiveCfg = Release
		{883449A9-87F1-43EC-9642-B6D8EF09840A}.Release_Offline|Any CPU.ActiveCfg = Release
		{883449A9-87F1-43EC-9642-B6D8EF09840A}.Release_Offline|ARM.ActiveCfg = Release
		{883449A9-87F1-43EC-9642-B6D8EF09840A}.Release_Offline|Mixed Platforms.ActiveCfg = Release
		{883449A9-87F1-43EC-9642-B6D8EF09840A}.Release_Offline|x64.ActiveCfg = Release
		{883449A9-87F1-43EC-9642-B6D8EF09840A}.Release_Offline|x86.ActiveCfg = Release
		{883449A9-87F1-43EC-9642-B6D8EF09840A}.Release|Any CPU.ActiveCfg = Release
		{883449A9-87F1-43EC-9642-B6D8EF09840A}.Release|ARM.ActiveCfg = Release
		{883449A9-87F1-43EC-9642-B6D8EF09840A}.Release|Mixed Platforms.ActiveCfg = Release
		{883449A9-87F1-43EC-9642-B6D8EF09840A}.Release|x64.ActiveCfg = Release
		{883449A9-87F1-43EC-9642-B6D8EF09840A}.Release|x86.ActiveCfg = Release
	EndGlobalSection
	GlobalSection(SolutionProperties) = preSolution
		HideSolutionNode = FALSE
	EndGlobalSection
	GlobalSection(NestedProjects) = preSolution
		{E1F94520-4811-4648-BB6B-60788E355459} = {5D560742-63BA-4BB2-B199-13730CD20C0A}
		{CA240EC1-825C-4F8B-8C62-A9752BFD056C} = {5D560742-63BA-4BB2-B199-13730CD20C0A}
		{CA240EC1-825C-4F8B-8C62-A9752BFD056F} = {5D560742-63BA-4BB2-B199-13730CD20C0A}
		{2D4BC948-66D8-4052-B4F6-6F6569AF6701} = {B8B8192A-C19F-49D5-8F65-4093F986D84C}
		{06FBF0DA-3D8A-4F41-900B-CB4752C4583E} = {2D4BC948-66D8-4052-B4F6-6F6569AF6701}
		{5D560742-63BA-4BB2-B199-13730CD20C0A} = {B8B8192A-C19F-49D5-8F65-4093F986D84C}
		{84DE3049-431B-4B31-B30D-61A55007AAB8} = {B8B8192A-C19F-49D5-8F65-4093F986D84C}
		{023154E0-A230-434D-92A4-4A21D8EA2DF0} = {5D560742-63BA-4BB2-B199-13730CD20C0A}
	EndGlobalSection
	GlobalSection(ExtensibilityGlobals) = postSolution
		SolutionGuid = {C0D297B6-1B88-4E7D-9D12-413958C292C1}
	EndGlobalSection
	GlobalSection(Performance) = preSolution
		HasPerformanceSessions = true
	EndGlobalSection
	GlobalSection(Performance) = preSolution
		HasPerformanceSessions = true
	EndGlobalSection
	GlobalSection(Performance) = preSolution
		HasPerformanceSessions = true
	EndGlobalSection
	GlobalSection(Performance) = preSolution
		HasPerformanceSessions = true
	EndGlobalSection
EndGlobal
